
Microsoft Visual Studio Solution File, Format Version 12.00
# Visual Studio Version 17
VisualStudioVersion = 17.0.32112.339
MinimumVisualStudioVersion = 10.0.40219.1
Project("{FAE04EC0-301F-11D3-BF4B-00C04F79EFBC}") = "NeldearMeadModificateAndTestFunctionsIncluded", "NeldearMeadModificateAndTestFunctionsIncluded\NeldearMeadModificateAndTestFunctionsIncluded.csproj", "{BB170C78-F697-4FCA-849C-B5C4586BDC03}"
EndProject
Project("{9A19103F-16F7-4668-BE54-9A1E7A4F7556}") = "NeldearMidModificateTEST", "NeldearMidModificateTEST\NeldearMidModificateTEST.csproj", "{AB42BFA5-8CAE-4DB8-82A9-014B992D6607}"
EndProject
Project("{FAE04EC0-301F-11D3-BF4B-00C04F79EFBC}") = "GenerateMatrixWithSilvestr", "GenerateMatrixWithSilvestr\GenerateMatrixWithSilvestr.csproj", "{EFF5486E-0482-403E-BC6D-3801D9C17983}"
EndProject
Project("{FAE04EC0-301F-11D3-BF4B-00C04F79EFBC}") = "ConsoleLogging", "ConsoleLogging\ConsoleLogging.csproj", "{37CD87DE-8AB6-458D-BD98-67102C1A61C8}"
EndProject
Global
	GlobalSection(SolutionConfigurationPlatforms) = preSolution
		Debug|Any CPU = Debug|Any CPU
		Release|Any CPU = Release|Any CPU
	EndGlobalSection
	GlobalSection(ProjectConfigurationPlatforms) = postSolution
		{BB170C78-F697-4FCA-849C-B5C4586BDC03}.Debug|Any CPU.ActiveCfg = Debug|Any CPU
		{BB170C78-F697-4FCA-849C-B5C4586BDC03}.Debug|Any CPU.Build.0 = Debug|Any CPU
		{BB170C78-F697-4FCA-849C-B5C4586BDC03}.Release|Any CPU.ActiveCfg = Release|Any CPU
		{BB170C78-F697-4FCA-849C-B5C4586BDC03}.Release|Any CPU.Build.0 = Release|Any CPU
		{AB42BFA5-8CAE-4DB8-82A9-014B992D6607}.Debug|Any CPU.ActiveCfg = Debug|Any CPU
		{AB42BFA5-8CAE-4DB8-82A9-014B992D6607}.Debug|Any CPU.Build.0 = Debug|Any CPU
		{AB42BFA5-8CAE-4DB8-82A9-014B992D6607}.Release|Any CPU.ActiveCfg = Release|Any CPU
		{AB42BFA5-8CAE-4DB8-82A9-014B992D6607}.Release|Any CPU.Build.0 = Release|Any CPU
		{EFF5486E-0482-403E-BC6D-3801D9C17983}.Debug|Any CPU.ActiveCfg = Debug|Any CPU
		{EFF5486E-0482-403E-BC6D-3801D9C17983}.Debug|Any CPU.Build.0 = Debug|Any CPU
		{EFF5486E-0482-403E-BC6D-3801D9C17983}.Release|Any CPU.ActiveCfg = Release|Any CPU
		{EFF5486E-0482-403E-BC6D-3801D9C17983}.Release|Any CPU.Build.0 = Release|Any CPU
		{37CD87DE-8AB6-458D-BD98-67102C1A61C8}.Debug|Any CPU.ActiveCfg = Debug|Any CPU
		{37CD87DE-8AB6-458D-BD98-67102C1A61C8}.Debug|Any CPU.Build.0 = Debug|Any CPU
		{37CD87DE-8AB6-458D-BD98-67102C1A61C8}.Release|Any CPU.ActiveCfg = Release|Any CPU
		{37CD87DE-8AB6-458D-BD98-67102C1A61C8}.Release|Any CPU.Build.0 = Release|Any CPU
	EndGlobalSection
	GlobalSection(SolutionProperties) = preSolution
		HideSolutionNode = FALSE
	EndGlobalSection
	GlobalSection(ExtensibilityGlobals) = postSolution
		SolutionGuid = {B4BE0C2D-7752-4CED-8A7F-6020B627B5F2}
	EndGlobalSection
EndGlobal
